
Microsoft Visual Studio Solution File, Format Version 12.00
# Visual Studio Version 17
VisualStudioVersion = 17.0.31903.59
MinimumVisualStudioVersion = 10.0.40219.1
Project("{FAE04EC0-301F-11D3-BF4B-00C04F79EFBC}") = "GeoSpiderApp.Core", "GeoSpiderApp.Core\GeoSpiderApp.Core.csproj", "{F18B4C0A-7A40-4BAC-A1CB-A1CE5730F31C}"
EndProject
Project("{FAE04EC0-301F-11D3-BF4B-00C04F79EFBC}") = "GeoSpiderApp.Core.Tests", "GeoSpiderApp.Core.Tests\GeoSpiderApp.Core.Tests.csproj", "{8DE08156-2A42-4805-B6EE-2D944ECD677D}"
EndProject
Global
	GlobalSection(SolutionConfigurationPlatforms) = preSolution
		Debug|Any CPU = Debug|Any CPU
		Release|Any CPU = Release|Any CPU
	EndGlobalSection
	GlobalSection(SolutionProperties) = preSolution
		HideSolutionNode = FALSE
	EndGlobalSection
	GlobalSection(ProjectConfigurationPlatforms) = postSolution
		{F18B4C0A-7A40-4BAC-A1CB-A1CE5730F31C}.Debug|Any CPU.ActiveCfg = Debug|Any CPU
		{F18B4C0A-7A40-4BAC-A1CB-A1CE5730F31C}.Debug|Any CPU.Build.0 = Debug|Any CPU
		{F18B4C0A-7A40-4BAC-A1CB-A1CE5730F31C}.Release|Any CPU.ActiveCfg = Release|Any CPU
		{F18B4C0A-7A40-4BAC-A1CB-A1CE5730F31C}.Release|Any CPU.Build.0 = Release|Any CPU
		{8DE08156-2A42-4805-B6EE-2D944ECD677D}.Debug|Any CPU.ActiveCfg = Debug|Any CPU
		{8DE08156-2A42-4805-B6EE-2D944ECD677D}.Debug|Any CPU.Build.0 = Debug|Any CPU
		{8DE08156-2A42-4805-B6EE-2D944ECD677D}.Release|Any CPU.ActiveCfg = Release|Any CPU
		{8DE08156-2A42-4805-B6EE-2D944ECD677D}.Release|Any CPU.Build.0 = Release|Any CPU
	EndGlobalSection
EndGlobal
